
Microsoft Visual Studio Solution File, Format Version 12.00
# Visual Studio 15
VisualStudioVersion = 15.0.28307.1000
MinimumVisualStudioVersion = 10.0.40219.1
Project("{8BC9CEB8-8B4A-11D0-8D11-00A0C91BC942}") = "introdaction", "introdaction\introdaction.vcxproj", "{68704874-078A-424D-BEFF-30DFE263C582}"
EndProject
Global
	GlobalSection(SolutionConfigurationPlatforms) = preSolution
		Debug|x64 = Debug|x64
		Debug|x86 = Debug|x86
		Release|x64 = Release|x64
		Release|x86 = Release|x86
	EndGlobalSection
	GlobalSection(ProjectConfigurationPlatforms) = postSolution
		{68704874-078A-424D-BEFF-30DFE263C582}.Debug|x64.ActiveCfg = Debug|x64
		{68704874-078A-424D-BEFF-30DFE263C582}.Debug|x64.Build.0 = Debug|x64
		{68704874-078A-424D-BEFF-30DFE263C582}.Debug|x86.ActiveCfg = Debug|Win32
		{68704874-078A-424D-BEFF-30DFE263C582}.Debug|x86.Build.0 = Debug|Win32
		{68704874-078A-424D-BEFF-30DFE263C582}.Release|x64.ActiveCfg = Release|x64
		{68704874-078A-424D-BEFF-30DFE263C582}.Release|x64.Build.0 = Release|x64
		{68704874-078A-424D-BEFF-30DFE263C582}.Release|x86.ActiveCfg = Release|Win32
		{68704874-078A-424D-BEFF-30DFE263C582}.Release|x86.Build.0 = Release|Win32
	EndGlobalSection
	GlobalSection(SolutionProperties) = preSolution
		HideSolutionNode = FALSE
	EndGlobalSection
	GlobalSection(ExtensibilityGlobals) = postSolution
		SolutionGuid = {832F6EC6-76CA-4898-94EB-C77479BC69CB}
	EndGlobalSection
EndGlobal
